
Microsoft Visual Studio Solution File, Format Version 12.00
# Visual Studio Version 16
VisualStudioVersion = 16.0.31424.327
MinimumVisualStudioVersion = 10.0.40219.1
Project("{FAE04EC0-301F-11D3-BF4B-00C04F79EFBC}") = "Cinemax", "Cinemax.csproj", "{689A4813-E30C-420F-9D55-237B6EB9C05B}"
EndProject
Global
	GlobalSection(SolutionConfigurationPlatforms) = preSolution
		Debug|Any CPU = Debug|Any CPU
		Release|Any CPU = Release|Any CPU
	EndGlobalSection
	GlobalSection(ProjectConfigurationPlatforms) = postSolution
		{689A4813-E30C-420F-9D55-237B6EB9C05B}.Debug|Any CPU.ActiveCfg = Debug|Any CPU
		{689A4813-E30C-420F-9D55-237B6EB9C05B}.Debug|Any CPU.Build.0 = Debug|Any CPU
		{689A4813-E30C-420F-9D55-237B6EB9C05B}.Release|Any CPU.ActiveCfg = Release|Any CPU
		{689A4813-E30C-420F-9D55-237B6EB9C05B}.Release|Any CPU.Build.0 = Release|Any CPU
	EndGlobalSection
	GlobalSection(SolutionProperties) = preSolution
		HideSolutionNode = FALSE
	EndGlobalSection
	GlobalSection(ExtensibilityGlobals) = postSolution
		SolutionGuid = {6884AB87-25DC-4D4B-AC10-CE02137AAFFC}
	EndGlobalSection
EndGlobal
